
Microsoft Visual Studio Solution File, Format Version 12.00
# Visual Studio Version 17
VisualStudioVersion = 17.0.32002.185
MinimumVisualStudioVersion = 10.0.40219.1
Project("{9A19103F-16F7-4668-BE54-9A1E7A4F7556}") = "BaseEmptyApp", "BaseEmptyApp\BaseEmptyApp.csproj", "{5823DE77-7931-4EE2-B482-01E255B209B1}"
EndProject
Project("{FAE04EC0-301F-11D3-BF4B-00C04F79EFBC}") = "Core", "Core\Core.csproj", "{46412926-762E-4DBE-B083-31279539ADFC}"
EndProject
Project("{FAE04EC0-301F-11D3-BF4B-00C04F79EFBC}") = "TestConsole", "TestConsole\TestConsole.csproj", "{09D60DCD-850A-45D5-AB45-108B40E1B230}"
EndProject
Global
	GlobalSection(SolutionConfigurationPlatforms) = preSolution
		Debug|Any CPU = Debug|Any CPU
		Release|Any CPU = Release|Any CPU
	EndGlobalSection
	GlobalSection(ProjectConfigurationPlatforms) = postSolution
		{5823DE77-7931-4EE2-B482-01E255B209B1}.Debug|Any CPU.ActiveCfg = Debug|Any CPU
		{5823DE77-7931-4EE2-B482-01E255B209B1}.Debug|Any CPU.Build.0 = Debug|Any CPU
		{5823DE77-7931-4EE2-B482-01E255B209B1}.Release|Any CPU.ActiveCfg = Release|Any CPU
		{5823DE77-7931-4EE2-B482-01E255B209B1}.Release|Any CPU.Build.0 = Release|Any CPU
		{46412926-762E-4DBE-B083-31279539ADFC}.Debug|Any CPU.ActiveCfg = Debug|Any CPU
		{46412926-762E-4DBE-B083-31279539ADFC}.Debug|Any CPU.Build.0 = Debug|Any CPU
		{46412926-762E-4DBE-B083-31279539ADFC}.Release|Any CPU.ActiveCfg = Release|Any CPU
		{46412926-762E-4DBE-B083-31279539ADFC}.Release|Any CPU.Build.0 = Release|Any CPU
		{09D60DCD-850A-45D5-AB45-108B40E1B230}.Debug|Any CPU.ActiveCfg = Debug|Any CPU
		{09D60DCD-850A-45D5-AB45-108B40E1B230}.Debug|Any CPU.Build.0 = Debug|Any CPU
		{09D60DCD-850A-45D5-AB45-108B40E1B230}.Release|Any CPU.ActiveCfg = Release|Any CPU
		{09D60DCD-850A-45D5-AB45-108B40E1B230}.Release|Any CPU.Build.0 = Release|Any CPU
	EndGlobalSection
	GlobalSection(SolutionProperties) = preSolution
		HideSolutionNode = FALSE
	EndGlobalSection
	GlobalSection(ExtensibilityGlobals) = postSolution
		SolutionGuid = {39486F4B-799D-4332-A8C9-2FC744924218}
	EndGlobalSection
EndGlobal
